
Microsoft Visual Studio Solution File, Format Version 12.00
# Visual Studio Version 17
VisualStudioVersion = 17.8.34330.188
MinimumVisualStudioVersion = 10.0.40219.1
Project("{FAE04EC0-301F-11D3-BF4B-00C04F79EFBC}") = "Practice_task_09_Asynchronous_development", "Practice_task_09_Asynchronous_development\Practice_task_09_Asynchronous_development.csproj", "{245A2426-96CF-46A5-BEBA-F36DD01C444A}"
EndProject
Global
	GlobalSection(SolutionConfigurationPlatforms) = preSolution
		Debug|Any CPU = Debug|Any CPU
		Release|Any CPU = Release|Any CPU
	EndGlobalSection
	GlobalSection(ProjectConfigurationPlatforms) = postSolution
		{245A2426-96CF-46A5-BEBA-F36DD01C444A}.Debug|Any CPU.ActiveCfg = Debug|Any CPU
		{245A2426-96CF-46A5-BEBA-F36DD01C444A}.Debug|Any CPU.Build.0 = Debug|Any CPU
		{245A2426-96CF-46A5-BEBA-F36DD01C444A}.Release|Any CPU.ActiveCfg = Release|Any CPU
		{245A2426-96CF-46A5-BEBA-F36DD01C444A}.Release|Any CPU.Build.0 = Release|Any CPU
	EndGlobalSection
	GlobalSection(SolutionProperties) = preSolution
		HideSolutionNode = FALSE
	EndGlobalSection
	GlobalSection(ExtensibilityGlobals) = postSolution
		SolutionGuid = {3339A50E-2CE5-46D2-AA31-70504CC9CD6F}
	EndGlobalSection
EndGlobal
